
Microsoft Visual Studio Solution File, Format Version 12.00
# Visual Studio Version 16
VisualStudioVersion = 16.0.32901.82
MinimumVisualStudioVersion = 10.0.40219.1
Project("{FAE04EC0-301F-11D3-BF4B-00C04F79EFBC}") = "YouTubeEmbeddedPlayer.WinForm", "YoutubePlayer\YouTubeEmbeddedPlayer.WinForm.csproj", "{9FF398A6-6FE0-4370-925B-823A73F48D83}"
EndProject
Project("{FAE04EC0-301F-11D3-BF4B-00C04F79EFBC}") = "PlayYoutubeURL.WinForm", "PlayYoutubeURL\PlayYoutubeURL.WinForm.csproj", "{091254B3-EADD-47C6-B6A8-7FB78D5F5459}"
EndProject
Project("{FAE04EC0-301F-11D3-BF4B-00C04F79EFBC}") = "PlayYoutubeURL.WPF", "PlayYoutubeURL.WPF\PlayYoutubeURL.WPF.csproj", "{D3016B44-B880-4541-8C13-C099803A3D05}"
EndProject
Project("{FAE04EC0-301F-11D3-BF4B-00C04F79EFBC}") = "YouTubeEmbeddedPlayer.WPF", "YouTubeEmbeddedPlayer.WPF\YouTubeEmbeddedPlayer.WPF.csproj", "{6CE1BA4B-BBB4-4C4F-9E38-F474554B9A83}"
EndProject
Global
	GlobalSection(SolutionConfigurationPlatforms) = preSolution
		Debug|Any CPU = Debug|Any CPU
		Release|Any CPU = Release|Any CPU
	EndGlobalSection
	GlobalSection(ProjectConfigurationPlatforms) = postSolution
		{9FF398A6-6FE0-4370-925B-823A73F48D83}.Debug|Any CPU.ActiveCfg = Debug|Any CPU
		{9FF398A6-6FE0-4370-925B-823A73F48D83}.Debug|Any CPU.Build.0 = Debug|Any CPU
		{9FF398A6-6FE0-4370-925B-823A73F48D83}.Release|Any CPU.ActiveCfg = Release|Any CPU
		{9FF398A6-6FE0-4370-925B-823A73F48D83}.Release|Any CPU.Build.0 = Release|Any CPU
		{091254B3-EADD-47C6-B6A8-7FB78D5F5459}.Debug|Any CPU.ActiveCfg = Debug|Any CPU
		{091254B3-EADD-47C6-B6A8-7FB78D5F5459}.Debug|Any CPU.Build.0 = Debug|Any CPU
		{091254B3-EADD-47C6-B6A8-7FB78D5F5459}.Release|Any CPU.ActiveCfg = Release|Any CPU
		{091254B3-EADD-47C6-B6A8-7FB78D5F5459}.Release|Any CPU.Build.0 = Release|Any CPU
		{D3016B44-B880-4541-8C13-C099803A3D05}.Debug|Any CPU.ActiveCfg = Debug|Any CPU
		{D3016B44-B880-4541-8C13-C099803A3D05}.Debug|Any CPU.Build.0 = Debug|Any CPU
		{D3016B44-B880-4541-8C13-C099803A3D05}.Release|Any CPU.ActiveCfg = Release|Any CPU
		{D3016B44-B880-4541-8C13-C099803A3D05}.Release|Any CPU.Build.0 = Release|Any CPU
		{6CE1BA4B-BBB4-4C4F-9E38-F474554B9A83}.Debug|Any CPU.ActiveCfg = Debug|Any CPU
		{6CE1BA4B-BBB4-4C4F-9E38-F474554B9A83}.Debug|Any CPU.Build.0 = Debug|Any CPU
		{6CE1BA4B-BBB4-4C4F-9E38-F474554B9A83}.Release|Any CPU.ActiveCfg = Release|Any CPU
		{6CE1BA4B-BBB4-4C4F-9E38-F474554B9A83}.Release|Any CPU.Build.0 = Release|Any CPU
	EndGlobalSection
	GlobalSection(SolutionProperties) = preSolution
		HideSolutionNode = FALSE
	EndGlobalSection
	GlobalSection(ExtensibilityGlobals) = postSolution
		SolutionGuid = {968B948B-7D3A-48E0-8B91-B4CC2EE123CA}
	EndGlobalSection
EndGlobal
